
Microsoft Visual Studio Solution File, Format Version 12.00
# Visual Studio Version 17
VisualStudioVersion = 17.3.32825.248
MinimumVisualStudioVersion = 10.0.40219.1
Project("{9A19103F-16F7-4668-BE54-9A1E7A4F7556}") = "UttClassroom", "UttClassroom.csproj", "{73827065-A77F-41ED-A850-9C8A49D750F7}"
EndProject
Project("{9A19103F-16F7-4668-BE54-9A1E7A4F7556}") = "DataService", "..\DataService\DataService.csproj", "{7CC1A1EE-2FF9-4129-B1C9-C11AF35707C1}"
EndProject
Project("{9A19103F-16F7-4668-BE54-9A1E7A4F7556}") = "Engine", "..\Engine\Engine.csproj", "{B69BE740-1FD7-45B3-AF96-09132EF2BDF6}"
EndProject
Global
	GlobalSection(SolutionConfigurationPlatforms) = preSolution
		Debug|Any CPU = Debug|Any CPU
		Release|Any CPU = Release|Any CPU
	EndGlobalSection
	GlobalSection(ProjectConfigurationPlatforms) = postSolution
		{73827065-A77F-41ED-A850-9C8A49D750F7}.Debug|Any CPU.ActiveCfg = Debug|Any CPU
		{73827065-A77F-41ED-A850-9C8A49D750F7}.Debug|Any CPU.Build.0 = Debug|Any CPU
		{73827065-A77F-41ED-A850-9C8A49D750F7}.Release|Any CPU.ActiveCfg = Release|Any CPU
		{73827065-A77F-41ED-A850-9C8A49D750F7}.Release|Any CPU.Build.0 = Release|Any CPU
		{7CC1A1EE-2FF9-4129-B1C9-C11AF35707C1}.Debug|Any CPU.ActiveCfg = Debug|Any CPU
		{7CC1A1EE-2FF9-4129-B1C9-C11AF35707C1}.Debug|Any CPU.Build.0 = Debug|Any CPU
		{7CC1A1EE-2FF9-4129-B1C9-C11AF35707C1}.Release|Any CPU.ActiveCfg = Release|Any CPU
		{7CC1A1EE-2FF9-4129-B1C9-C11AF35707C1}.Release|Any CPU.Build.0 = Release|Any CPU
		{B69BE740-1FD7-45B3-AF96-09132EF2BDF6}.Debug|Any CPU.ActiveCfg = Debug|Any CPU
		{B69BE740-1FD7-45B3-AF96-09132EF2BDF6}.Debug|Any CPU.Build.0 = Debug|Any CPU
		{B69BE740-1FD7-45B3-AF96-09132EF2BDF6}.Release|Any CPU.ActiveCfg = Release|Any CPU
		{B69BE740-1FD7-45B3-AF96-09132EF2BDF6}.Release|Any CPU.Build.0 = Release|Any CPU
	EndGlobalSection
	GlobalSection(SolutionProperties) = preSolution
		HideSolutionNode = FALSE
	EndGlobalSection
	GlobalSection(ExtensibilityGlobals) = postSolution
		SolutionGuid = {1B75D2B8-3805-4340-A811-D6068ABC50F0}
	EndGlobalSection
EndGlobal
